
Microsoft Visual Studio Solution File, Format Version 12.00
# Visual Studio Version 16
VisualStudioVersion = 16.0.30611.23
MinimumVisualStudioVersion = 10.0.40219.1
Project("{FAE04EC0-301F-11D3-BF4B-00C04F79EFBC}") = "OpiumNetStat", "OpiumNetStat\OpiumNetStat.csproj", "{FD490215-CC7D-477E-8E8D-140F930C52BE}"
EndProject
Project("{930C7802-8A8C-48F9-8165-68863BCCD9DD}") = "OpiumNetStat.Installer", "OpiumNetStat.Installer\OpiumNetStat.Installer.wixproj", "{6F5A1270-401D-445B-8762-EB483DB482AF}"
EndProject
Global
	GlobalSection(SolutionConfigurationPlatforms) = preSolution
		Debug|Any CPU = Debug|Any CPU
		Debug|x64 = Debug|x64
		Debug|x86 = Debug|x86
		Release|Any CPU = Release|Any CPU
		Release|x64 = Release|x64
		Release|x86 = Release|x86
	EndGlobalSection
	GlobalSection(ProjectConfigurationPlatforms) = postSolution
		{FD490215-CC7D-477E-8E8D-140F930C52BE}.Debug|Any CPU.ActiveCfg = Debug|Any CPU
		{FD490215-CC7D-477E-8E8D-140F930C52BE}.Debug|Any CPU.Build.0 = Debug|Any CPU
		{FD490215-CC7D-477E-8E8D-140F930C52BE}.Debug|x64.ActiveCfg = Debug|x64
		{FD490215-CC7D-477E-8E8D-140F930C52BE}.Debug|x64.Build.0 = Debug|x64
		{FD490215-CC7D-477E-8E8D-140F930C52BE}.Debug|x86.ActiveCfg = Debug|Any CPU
		{FD490215-CC7D-477E-8E8D-140F930C52BE}.Debug|x86.Build.0 = Debug|Any CPU
		{FD490215-CC7D-477E-8E8D-140F930C52BE}.Release|Any CPU.ActiveCfg = Release|Any CPU
		{FD490215-CC7D-477E-8E8D-140F930C52BE}.Release|Any CPU.Build.0 = Release|Any CPU
		{FD490215-CC7D-477E-8E8D-140F930C52BE}.Release|x64.ActiveCfg = Release|x64
		{FD490215-CC7D-477E-8E8D-140F930C52BE}.Release|x64.Build.0 = Release|x64
		{FD490215-CC7D-477E-8E8D-140F930C52BE}.Release|x86.ActiveCfg = Release|Any CPU
		{FD490215-CC7D-477E-8E8D-140F930C52BE}.Release|x86.Build.0 = Release|Any CPU
		{6F5A1270-401D-445B-8762-EB483DB482AF}.Debug|Any CPU.ActiveCfg = Debug|x86
		{6F5A1270-401D-445B-8762-EB483DB482AF}.Debug|x64.ActiveCfg = Debug|x86
		{6F5A1270-401D-445B-8762-EB483DB482AF}.Debug|x86.ActiveCfg = Debug|x86
		{6F5A1270-401D-445B-8762-EB483DB482AF}.Debug|x86.Build.0 = Debug|x86
		{6F5A1270-401D-445B-8762-EB483DB482AF}.Release|Any CPU.ActiveCfg = Release|x86
		{6F5A1270-401D-445B-8762-EB483DB482AF}.Release|x64.ActiveCfg = Release|x86
		{6F5A1270-401D-445B-8762-EB483DB482AF}.Release|x86.ActiveCfg = Release|x86
		{6F5A1270-401D-445B-8762-EB483DB482AF}.Release|x86.Build.0 = Release|x86
	EndGlobalSection
	GlobalSection(SolutionProperties) = preSolution
		HideSolutionNode = FALSE
	EndGlobalSection
	GlobalSection(ExtensibilityGlobals) = postSolution
		SolutionGuid = {625EA7B5-B607-4FC7-A29F-50D5718C5EB3}
	EndGlobalSection
EndGlobal
