
Microsoft Visual Studio Solution File, Format Version 12.00
# Visual Studio Version 16
VisualStudioVersion = 16.0.30611.23
MinimumVisualStudioVersion = 10.0.40219.1
Project("{FAE04EC0-301F-11D3-BF4B-00C04F79EFBC}") = "OpiumNetStat", "OpiumNetStat\OpiumNetStat.csproj", "{FD490215-CC7D-477E-8E8D-140F930C52BE}"
EndProject
Project("{930C7802-8A8C-48F9-8165-68863BCCD9DD}") = "Opium.Installer", "Opium.Installer\Opium.Installer.wixproj", "{8837C2D2-96BF-461B-A327-34F9F84A7378}"
EndProject
Project("{2150E333-8FDC-42A3-9474-1A3956D46DE8}") = "Solution Items", "Solution Items", "{20A38B7B-1F94-45E9-A272-D05DDA1EA2CF}"
	ProjectSection(SolutionItems) = preProject
		make_installer.bat = make_installer.bat
	EndProjectSection
EndProject
Project("{FAE04EC0-301F-11D3-BF4B-00C04F79EFBC}") = "SaltwaterTaffy", "..\SaltwaterTaffy\SaltwaterTaffy\SaltwaterTaffy.csproj", "{718DBA7E-6513-4165-B3D6-9815B4083BAE}"
EndProject
Project("{9A19103F-16F7-4668-BE54-9A1E7A4F7556}") = "Titanium.Web.Proxy", "..\Titanium-Web-Proxy\src\Titanium.Web.Proxy\Titanium.Web.Proxy.csproj", "{051A507F-AA1B-4CE5-AFFD-A89A456C6E50}"
EndProject
Global
	GlobalSection(SolutionConfigurationPlatforms) = preSolution
		Debug|Any CPU = Debug|Any CPU
		Debug|x64 = Debug|x64
		Debug|x86 = Debug|x86
		Release|Any CPU = Release|Any CPU
		Release|x64 = Release|x64
		Release|x86 = Release|x86
	EndGlobalSection
	GlobalSection(ProjectConfigurationPlatforms) = postSolution
		{FD490215-CC7D-477E-8E8D-140F930C52BE}.Debug|Any CPU.ActiveCfg = Debug|Any CPU
		{FD490215-CC7D-477E-8E8D-140F930C52BE}.Debug|Any CPU.Build.0 = Debug|Any CPU
		{FD490215-CC7D-477E-8E8D-140F930C52BE}.Debug|x64.ActiveCfg = Debug|x64
		{FD490215-CC7D-477E-8E8D-140F930C52BE}.Debug|x64.Build.0 = Debug|x64
		{FD490215-CC7D-477E-8E8D-140F930C52BE}.Debug|x86.ActiveCfg = Debug|Any CPU
		{FD490215-CC7D-477E-8E8D-140F930C52BE}.Debug|x86.Build.0 = Debug|Any CPU
		{FD490215-CC7D-477E-8E8D-140F930C52BE}.Release|Any CPU.ActiveCfg = Release|Any CPU
		{FD490215-CC7D-477E-8E8D-140F930C52BE}.Release|Any CPU.Build.0 = Release|Any CPU
		{FD490215-CC7D-477E-8E8D-140F930C52BE}.Release|x64.ActiveCfg = Release|x64
		{FD490215-CC7D-477E-8E8D-140F930C52BE}.Release|x64.Build.0 = Release|x64
		{FD490215-CC7D-477E-8E8D-140F930C52BE}.Release|x86.ActiveCfg = Release|Any CPU
		{FD490215-CC7D-477E-8E8D-140F930C52BE}.Release|x86.Build.0 = Release|Any CPU
		{8837C2D2-96BF-461B-A327-34F9F84A7378}.Debug|Any CPU.ActiveCfg = Debug|x86
		{8837C2D2-96BF-461B-A327-34F9F84A7378}.Debug|x64.ActiveCfg = Debug|x86
		{8837C2D2-96BF-461B-A327-34F9F84A7378}.Debug|x86.ActiveCfg = Debug|x86
		{8837C2D2-96BF-461B-A327-34F9F84A7378}.Debug|x86.Build.0 = Debug|x86
		{8837C2D2-96BF-461B-A327-34F9F84A7378}.Release|Any CPU.ActiveCfg = Release|x86
		{8837C2D2-96BF-461B-A327-34F9F84A7378}.Release|x64.ActiveCfg = Release|x86
		{8837C2D2-96BF-461B-A327-34F9F84A7378}.Release|x86.ActiveCfg = Release|x86
		{8837C2D2-96BF-461B-A327-34F9F84A7378}.Release|x86.Build.0 = Release|x86
		{718DBA7E-6513-4165-B3D6-9815B4083BAE}.Debug|Any CPU.ActiveCfg = Debug|Any CPU
		{718DBA7E-6513-4165-B3D6-9815B4083BAE}.Debug|Any CPU.Build.0 = Debug|Any CPU
		{718DBA7E-6513-4165-B3D6-9815B4083BAE}.Debug|x64.ActiveCfg = Debug|Any CPU
		{718DBA7E-6513-4165-B3D6-9815B4083BAE}.Debug|x64.Build.0 = Debug|Any CPU
		{718DBA7E-6513-4165-B3D6-9815B4083BAE}.Debug|x86.ActiveCfg = Debug|Any CPU
		{718DBA7E-6513-4165-B3D6-9815B4083BAE}.Debug|x86.Build.0 = Debug|Any CPU
		{718DBA7E-6513-4165-B3D6-9815B4083BAE}.Release|Any CPU.ActiveCfg = Release|Any CPU
		{718DBA7E-6513-4165-B3D6-9815B4083BAE}.Release|Any CPU.Build.0 = Release|Any CPU
		{718DBA7E-6513-4165-B3D6-9815B4083BAE}.Release|x64.ActiveCfg = Release|Any CPU
		{718DBA7E-6513-4165-B3D6-9815B4083BAE}.Release|x64.Build.0 = Release|Any CPU
		{718DBA7E-6513-4165-B3D6-9815B4083BAE}.Release|x86.ActiveCfg = Release|Any CPU
		{718DBA7E-6513-4165-B3D6-9815B4083BAE}.Release|x86.Build.0 = Release|Any CPU
		{051A507F-AA1B-4CE5-AFFD-A89A456C6E50}.Debug|Any CPU.ActiveCfg = Debug|Any CPU
		{051A507F-AA1B-4CE5-AFFD-A89A456C6E50}.Debug|Any CPU.Build.0 = Debug|Any CPU
		{051A507F-AA1B-4CE5-AFFD-A89A456C6E50}.Debug|x64.ActiveCfg = Debug|Any CPU
		{051A507F-AA1B-4CE5-AFFD-A89A456C6E50}.Debug|x64.Build.0 = Debug|Any CPU
		{051A507F-AA1B-4CE5-AFFD-A89A456C6E50}.Debug|x86.ActiveCfg = Debug|Any CPU
		{051A507F-AA1B-4CE5-AFFD-A89A456C6E50}.Debug|x86.Build.0 = Debug|Any CPU
		{051A507F-AA1B-4CE5-AFFD-A89A456C6E50}.Release|Any CPU.ActiveCfg = Release|Any CPU
		{051A507F-AA1B-4CE5-AFFD-A89A456C6E50}.Release|Any CPU.Build.0 = Release|Any CPU
		{051A507F-AA1B-4CE5-AFFD-A89A456C6E50}.Release|x64.ActiveCfg = Release|Any CPU
		{051A507F-AA1B-4CE5-AFFD-A89A456C6E50}.Release|x64.Build.0 = Release|Any CPU
		{051A507F-AA1B-4CE5-AFFD-A89A456C6E50}.Release|x86.ActiveCfg = Release|Any CPU
		{051A507F-AA1B-4CE5-AFFD-A89A456C6E50}.Release|x86.Build.0 = Release|Any CPU
	EndGlobalSection
	GlobalSection(SolutionProperties) = preSolution
		HideSolutionNode = FALSE
	EndGlobalSection
	GlobalSection(ExtensibilityGlobals) = postSolution
		SolutionGuid = {625EA7B5-B607-4FC7-A29F-50D5718C5EB3}
	EndGlobalSection
EndGlobal
